
Microsoft Visual Studio Solution File, Format Version 12.00
Project("{FAE04EC0-301F-11D3-BF4B-00C04F79EFBC}") = "BackgroudService", "BackgroudService\BackgroudService.csproj", "{B9022742-8BC8-4A83-9BEA-712563FD8A38}"
EndProject
Project("{FAE04EC0-301F-11D3-BF4B-00C04F79EFBC}") = "BackgroundService.Shared", "BackgroundService.Shared\BackgroundService.Shared.csproj", "{8D1DD72B-4560-4D27-9179-87CEC7C59DFB}"
EndProject
Project("{FAE04EC0-301F-11D3-BF4B-00C04F79EFBC}") = "BackgroundService.Wpf", "BackgroundService.Wpf\BackgroundService.Wpf.csproj", "{76F5570A-5C5B-4D15-B475-27FFBFD39F79}"
EndProject
Project("{2150E333-8FDC-42A3-9474-1A3956D46DE8}") = "worker", "worker", "{152412F9-D076-4312-8F0A-4B7BB5C1EFF8}"
EndProject
Project("{FAE04EC0-301F-11D3-BF4B-00C04F79EFBC}") = "BackgroudWorker", "BackgroudWorker\BackgroudWorker.csproj", "{B75E165E-B844-4DA0-9158-16AEAC516DD5}"
EndProject
Global
	GlobalSection(SolutionConfigurationPlatforms) = preSolution
		Debug|x64 = Debug|x64
		Release|x64 = Release|x64
	EndGlobalSection
	GlobalSection(ProjectConfigurationPlatforms) = postSolution
		{B9022742-8BC8-4A83-9BEA-712563FD8A38}.Debug|x64.ActiveCfg = Debug|x64
		{B9022742-8BC8-4A83-9BEA-712563FD8A38}.Debug|x64.Build.0 = Debug|x64
		{B9022742-8BC8-4A83-9BEA-712563FD8A38}.Release|x64.ActiveCfg = Release|x64
		{B9022742-8BC8-4A83-9BEA-712563FD8A38}.Release|x64.Build.0 = Release|x64
		{8D1DD72B-4560-4D27-9179-87CEC7C59DFB}.Debug|x64.ActiveCfg = Debug|x64
		{8D1DD72B-4560-4D27-9179-87CEC7C59DFB}.Debug|x64.Build.0 = Debug|x64
		{8D1DD72B-4560-4D27-9179-87CEC7C59DFB}.Release|x64.ActiveCfg = Release|x64
		{8D1DD72B-4560-4D27-9179-87CEC7C59DFB}.Release|x64.Build.0 = Release|x64
		{76F5570A-5C5B-4D15-B475-27FFBFD39F79}.Debug|x64.ActiveCfg = Debug|x64
		{76F5570A-5C5B-4D15-B475-27FFBFD39F79}.Debug|x64.Build.0 = Debug|x64
		{76F5570A-5C5B-4D15-B475-27FFBFD39F79}.Release|x64.ActiveCfg = Release|x64
		{76F5570A-5C5B-4D15-B475-27FFBFD39F79}.Release|x64.Build.0 = Release|x64
		{B75E165E-B844-4DA0-9158-16AEAC516DD5}.Debug|x64.ActiveCfg = Debug|x64
		{B75E165E-B844-4DA0-9158-16AEAC516DD5}.Debug|x64.Build.0 = Debug|x64
		{B75E165E-B844-4DA0-9158-16AEAC516DD5}.Release|x64.ActiveCfg = Release|x64
		{B75E165E-B844-4DA0-9158-16AEAC516DD5}.Release|x64.Build.0 = Release|x64
	EndGlobalSection
	GlobalSection(NestedProjects) = preSolution
		{B75E165E-B844-4DA0-9158-16AEAC516DD5} = {152412F9-D076-4312-8F0A-4B7BB5C1EFF8}
	EndGlobalSection
EndGlobal
