
Microsoft Visual Studio Solution File, Format Version 12.00
Project("{FAE04EC0-301F-11D3-BF4B-00C04F79EFBC}") = "BackgroudService", "BackgroudService\BackgroudService.csproj", "{B9022742-8BC8-4A83-9BEA-712563FD8A38}"
EndProject
Global
	GlobalSection(SolutionConfigurationPlatforms) = preSolution
		Debug|Any CPU = Debug|Any CPU
		Release|Any CPU = Release|Any CPU
	EndGlobalSection
	GlobalSection(ProjectConfigurationPlatforms) = postSolution
		{B9022742-8BC8-4A83-9BEA-712563FD8A38}.Debug|Any CPU.ActiveCfg = Debug|Any CPU
		{B9022742-8BC8-4A83-9BEA-712563FD8A38}.Debug|Any CPU.Build.0 = Debug|Any CPU
		{B9022742-8BC8-4A83-9BEA-712563FD8A38}.Release|Any CPU.ActiveCfg = Release|Any CPU
		{B9022742-8BC8-4A83-9BEA-712563FD8A38}.Release|Any CPU.Build.0 = Release|Any CPU
	EndGlobalSection
EndGlobal
